github.com/gorilla/mux v1.8.1 h1:TuBL49tXwgrFYWhqrNgrUNEY92u81SPhu7sTdzQEiWY=
github.com/gorilla/mux v1.8.1/go.mod h1:AKf9I4AEqPTmMytcMc0KkNouC66V3BtZ4qD5fmWSiMQ=
github.com/prometheus/client_golang v1.23.0 h1:ust4zpdl9r4trLY/gSjlm07PuiBq2ynaXXlptpfy8Uc=
github.com/prometheus/client_golang v1.23.0/go.mod h1:i/o0R9ByOnHX0McrTMTyhYvKE4haaf2mW08I+jGAjEE=
k8s.io/api v0.29.0/go.mod h1:sdVmXoz2Bo/cb77Pxi71IPTSErEW32xa4aXwKH7gfBA=
k8s.io/api v0.34.0 h1:L+JtP2wDbEYPUeNGbeSa/5GwFtIA662EmT2YSLOkAVE=
k8s.io/api v0.34.0/go.mod h1:YzgkIzOOlhl9uwWCZNqpw6RJy9L2FK4dlJeayUoydug=
k8s.io/apimachinery v0.29.0/go.mod h1:eVBxQ/cwiJxH58eK/jd/vAk4mrxmVlnpBH5J2GbMeis=
k8s.io/apimachinery v0.34.0 h1:eR1WO5fo0HyoQZt1wdISpFDffnWOvFLOOeJ7MgIv4z0=
k8s.io/apimachinery v0.34.0/go.mod h1:/GwIlEcWuTX9zKIg2mbw0LRFIsXwrfoVxn+ef0X13lw=
k8s.io/client-go v0.29.0/go.mod h1:yLkXH4HKMAywcrD82KMSmfYg2DlE8mepPR4JGSo5n38=
k8s.io/client-go v0.34.0 h1:YoWv5r7bsBfb0Hs2jh8SOvFbKzzxyNo0nSb0zC19KZo=
k8s.io/client-go v0.34.0/go.mod h1:ozgMnEKXkRjeMvBZdV1AijMHLTh3pbACPvK7zFR+QQY=
sigs.k8s.io/controller-runtime v0.22.0 h1:mTOfibb8Hxwpx3xEkR56i7xSjB+nH4hZG37SrlCY5e0=
sigs.k8s.io/controller-runtime v0.22.0/go.mod h1:FwiwRjkRPbiN+zp2QRp7wlTCzbUXxZ/D4OzuQUDwBHY=
